
Microsoft Visual Studio Solution File, Format Version 12.00
# Visual Studio Version 16
VisualStudioVersion = 16.0.31129.286
MinimumVisualStudioVersion = 10.0.40219.1
Project("{FAE04EC0-301F-11D3-BF4B-00C04F79EFBC}") = "Calculator", "Calculator\Calculator.csproj", "{40B8FCCF-844B-4002-96DD-7AD969E9264A}"
EndProject
Global
	GlobalSection(SolutionConfigurationPlatforms) = preSolution
		Debug|Any CPU = Debug|Any CPU
		Release|Any CPU = Release|Any CPU
	EndGlobalSection
	GlobalSection(ProjectConfigurationPlatforms) = postSolution
		{40B8FCCF-844B-4002-96DD-7AD969E9264A}.Debug|Any CPU.ActiveCfg = Debug|Any CPU
		{40B8FCCF-844B-4002-96DD-7AD969E9264A}.Debug|Any CPU.Build.0 = Debug|Any CPU
		{40B8FCCF-844B-4002-96DD-7AD969E9264A}.Release|Any CPU.ActiveCfg = Release|Any CPU
		{40B8FCCF-844B-4002-96DD-7AD969E9264A}.Release|Any CPU.Build.0 = Release|Any CPU
	EndGlobalSection
	GlobalSection(SolutionProperties) = preSolution
		HideSolutionNode = FALSE
	EndGlobalSection
	GlobalSection(ExtensibilityGlobals) = postSolution
		SolutionGuid = {B569FDE4-F6DB-4FFA-B5FE-12843604D0D9}
	EndGlobalSection
EndGlobal
